
Microsoft Visual Studio Solution File, Format Version 12.00
# Visual Studio Version 16
VisualStudioVersion = 16.0.31424.327
MinimumVisualStudioVersion = 10.0.40219.1
Project("{2150E333-8FDC-42A3-9474-1A3956D46DE8}") = "Services", "Services", "{0BA517E2-69B7-4139-B50B-1C6480134E80}"
EndProject
Project("{2150E333-8FDC-42A3-9474-1A3956D46DE8}") = "Catalog", "Catalog", "{1DF67BCD-B88B-4AC4-8C7B-AB5603ABA30B}"
EndProject
Project("{FAE04EC0-301F-11D3-BF4B-00C04F79EFBC}") = "Catalog.API", "Services\Catalog\Catalog.API\Catalog.API.csproj", "{2FF17964-076A-42B2-BADE-B51C890FDA08}"
EndProject
Global
	GlobalSection(SolutionConfigurationPlatforms) = preSolution
		Debug|Any CPU = Debug|Any CPU
		Release|Any CPU = Release|Any CPU
	EndGlobalSection
	GlobalSection(ProjectConfigurationPlatforms) = postSolution
		{2FF17964-076A-42B2-BADE-B51C890FDA08}.Debug|Any CPU.ActiveCfg = Debug|Any CPU
		{2FF17964-076A-42B2-BADE-B51C890FDA08}.Debug|Any CPU.Build.0 = Debug|Any CPU
		{2FF17964-076A-42B2-BADE-B51C890FDA08}.Release|Any CPU.ActiveCfg = Release|Any CPU
		{2FF17964-076A-42B2-BADE-B51C890FDA08}.Release|Any CPU.Build.0 = Release|Any CPU
	EndGlobalSection
	GlobalSection(SolutionProperties) = preSolution
		HideSolutionNode = FALSE
	EndGlobalSection
	GlobalSection(NestedProjects) = preSolution
		{1DF67BCD-B88B-4AC4-8C7B-AB5603ABA30B} = {0BA517E2-69B7-4139-B50B-1C6480134E80}
		{2FF17964-076A-42B2-BADE-B51C890FDA08} = {1DF67BCD-B88B-4AC4-8C7B-AB5603ABA30B}
	EndGlobalSection
	GlobalSection(ExtensibilityGlobals) = postSolution
		SolutionGuid = {7EC7479F-7336-4DE3-9AD4-4B42CAC03E13}
	EndGlobalSection
EndGlobal
